// !$*UTF8*$!
{
	archiveVersion = 1;
	classes = {
	};
	objectVersion = 50;
	objects = {

/* Begin PBXBuildFile section */
		521D07E3260639F600A8BEEA /* FructusApp.swift in Sources */ = {isa = PBXBuildFile; fileRef = 521D07E2260639F600A8BEEA /* FructusApp.swift */; };
		521D07E5260639F600A8BEEA /* ContentView.swift in Sources */ = {isa = PBXBuildFile; fileRef = 521D07E4260639F600A8BEEA /* ContentView.swift */; };
		521D07E7260639F900A8BEEA /* Assets.xcassets in Resources */ = {isa = PBXBuildFile; fileRef = 521D07E6260639F900A8BEEA /* Assets.xcassets */; };
		521D07EA260639F900A8BEEA /* Preview Assets.xcassets in Resources */ = {isa = PBXBuildFile; fileRef = 521D07E9260639F900A8BEEA /* Preview Assets.xcassets */; };
		521D07F72606469F00A8BEEA /* FruitCardView.swift in Sources */ = {isa = PBXBuildFile; fileRef = 521D07F62606469F00A8BEEA /* FruitCardView.swift */; };
		521D07FB26064F6300A8BEEA /* StartButtonView.swift in Sources */ = {isa = PBXBuildFile; fileRef = 521D07FA26064F6300A8BEEA /* StartButtonView.swift */; };
		521D07FE2606577600A8BEEA /* OnboardingView.swift in Sources */ = {isa = PBXBuildFile; fileRef = 521D07FD2606577600A8BEEA /* OnboardingView.swift */; };
		521D0802260658FE00A8BEEA /* FruitModel.swift in Sources */ = {isa = PBXBuildFile; fileRef = 521D0801260658FE00A8BEEA /* FruitModel.swift */; };
		521D0806260659E300A8BEEA /* FruitData.swift in Sources */ = {isa = PBXBuildFile; fileRef = 521D0805260659E300A8BEEA /* FruitData.swift */; };
		521D080A2606670800A8BEEA /* FruitRow.swift in Sources */ = {isa = PBXBuildFile; fileRef = 521D08092606670800A8BEEA /* FruitRow.swift */; };
		521D080D26066C8F00A8BEEA /* FruitDetailView.swift in Sources */ = {isa = PBXBuildFile; fileRef = 521D080C26066C8F00A8BEEA /* FruitDetailView.swift */; };
		52A80657261A2DD900915FA5 /* FruitHeader.swift in Sources */ = {isa = PBXBuildFile; fileRef = 52A80656261A2DD900915FA5 /* FruitHeader.swift */; };
		52A8065A261A309800915FA5 /* SourceLinkView.swift in Sources */ = {isa = PBXBuildFile; fileRef = 52A80659261A309800915FA5 /* SourceLinkView.swift */; };
		52A8065D261A35B500915FA5 /* FruitNutrientsView.swift in Sources */ = {isa = PBXBuildFile; fileRef = 52A8065C261A35B500915FA5 /* FruitNutrientsView.swift */; };
		52B7DC02261B7C84001652A3 /* SettingsView.swift in Sources */ = {isa = PBXBuildFile; fileRef = 52B7DC01261B7C84001652A3 /* SettingsView.swift */; };
		52B7DC05261B83BC001652A3 /* SettingsLabelView.swift in Sources */ = {isa = PBXBuildFile; fileRef = 52B7DC04261B83BC001652A3 /* SettingsLabelView.swift */; };
		52B7DC08261B8A60001652A3 /* SettingsRowView.swift in Sources */ = {isa = PBXBuildFile; fileRef = 52B7DC07261B8A60001652A3 /* SettingsRowView.swift */; };
/* End PBXBuildFile section */

/* Begin PBXFileReference section */
		521D07DF260639F600A8BEEA /* Fructus.app */ = {isa = PBXFileReference; explicitFileType = wrapper.application; includeInIndex = 0; path = Fructus.app; sourceTree = BUILT_PRODUCTS_DIR; };
		521D07E2260639F600A8BEEA /* FructusApp.swift */ = {isa = PBXFileReference; lastKnownFileType = sourcecode.swift; path = FructusApp.swift; sourceTree = "<group>"; };
		521D07E4260639F600A8BEEA /* ContentView.swift */ = {isa = PBXFileReference; lastKnownFileType = sourcecode.swift; path = ContentView.swift; sourceTree = "<group>"; };
		521D07E6260639F900A8BEEA /* Assets.xcassets */ = {isa = PBXFileReference; lastKnownFileType = folder.assetcatalog; path = Assets.xcassets; sourceTree = "<group>"; };
		521D07E9260639F900A8BEEA /* Preview Assets.xcassets */ = {isa = PBXFileReference; lastKnownFileType = folder.assetcatalog; path = "Preview Assets.xcassets"; sourceTree = "<group>"; };
		521D07EB260639F900A8BEEA /* Info.plist */ = {isa = PBXFileReference; lastKnownFileType = text.plist.xml; path = Info.plist; sourceTree = "<group>"; };
		521D07F62606469F00A8BEEA /* FruitCardView.swift */ = {isa = PBXFileReference; lastKnownFileType = sourcecode.swift; path = FruitCardView.swift; sourceTree = "<group>"; };
		521D07FA26064F6300A8BEEA /* StartButtonView.swift */ = {isa = PBXFileReference; lastKnownFileType = sourcecode.swift; path = StartButtonView.swift; sourceTree = "<group>"; };
		521D07FD2606577600A8BEEA /* OnboardingView.swift */ = {isa = PBXFileReference; lastKnownFileType = sourcecode.swift; path = OnboardingView.swift; sourceTree = "<group>"; };
		521D0801260658FE00A8BEEA /* FruitModel.swift */ = {isa = PBXFileReference; lastKnownFileType = sourcecode.swift; path = FruitModel.swift; sourceTree = "<group>"; };
		521D0805260659E300A8BEEA /* FruitData.swift */ = {isa = PBXFileReference; lastKnownFileType = sourcecode.swift; path = FruitData.swift; sourceTree = "<group>"; };
		521D08092606670800A8BEEA /* FruitRow.swift */ = {isa = PBXFileReference; lastKnownFileType = sourcecode.swift; path = FruitRow.swift; sourceTree = "<group>"; };
		521D080C26066C8F00A8BEEA /* FruitDetailView.swift */ = {isa = PBXFileReference; lastKnownFileType = sourcecode.swift; path = FruitDetailView.swift; sourceTree = "<group>"; };
		52A80656261A2DD900915FA5 /* FruitHeader.swift */ = {isa = PBXFileReference; lastKnownFileType = sourcecode.swift; path = FruitHeader.swift; sourceTree = "<group>"; };
		52A80659261A309800915FA5 /* SourceLinkView.swift */ = {isa = PBXFileReference; lastKnownFileType = sourcecode.swift; path = SourceLinkView.swift; sourceTree = "<group>"; };
		52A8065C261A35B500915FA5 /* FruitNutrientsView.swift */ = {isa = PBXFileReference; lastKnownFileType = sourcecode.swift; path = FruitNutrientsView.swift; sourceTree = "<group>"; };
		52B7DC01261B7C84001652A3 /* SettingsView.swift */ = {isa = PBXFileReference; lastKnownFileType = sourcecode.swift; path = SettingsView.swift; sourceTree = "<group>"; };
		52B7DC04261B83BC001652A3 /* SettingsLabelView.swift */ = {isa = PBXFileReference; lastKnownFileType = sourcecode.swift; path = SettingsLabelView.swift; sourceTree = "<group>"; };
		52B7DC07261B8A60001652A3 /* SettingsRowView.swift */ = {isa = PBXFileReference; lastKnownFileType = sourcecode.swift; path = SettingsRowView.swift; sourceTree = "<group>"; };
/* End PBXFileReference section */

/* Begin PBXFrameworksBuildPhase section */
		521D07DC260639F600A8BEEA /* Frameworks */ = {
			isa = PBXFrameworksBuildPhase;
			buildActionMask = 2147483647;
			files = (
			);
			runOnlyForDeploymentPostprocessing = 0;
		};
/* End PBXFrameworksBuildPhase section */

/* Begin PBXGroup section */
		521D07D6260639F600A8BEEA = {
			isa = PBXGroup;
			children = (
				521D07E1260639F600A8BEEA /* Fructus */,
				521D07E0260639F600A8BEEA /* Products */,
			);
			sourceTree = "<group>";
		};
		521D07E0260639F600A8BEEA /* Products */ = {
			isa = PBXGroup;
			children = (
				521D07DF260639F600A8BEEA /* Fructus.app */,
			);
			name = Products;
			sourceTree = "<group>";
		};
		521D07E1260639F600A8BEEA /* Fructus */ = {
			isa = PBXGroup;
			children = (
				521D07F32606464000A8BEEA /* App */,
				521D07F52606467100A8BEEA /* View */,
				521D0804260659D100A8BEEA /* Data */,
				521D0800260658E800A8BEEA /* Model */,
				521D07E6260639F900A8BEEA /* Assets.xcassets */,
				521D07EB260639F900A8BEEA /* Info.plist */,
				521D07E8260639F900A8BEEA /* Preview Content */,
			);
			path = Fructus;
			sourceTree = "<group>";
		};
		521D07E8260639F900A8BEEA /* Preview Content */ = {
			isa = PBXGroup;
			children = (
				521D07E9260639F900A8BEEA /* Preview Assets.xcassets */,
			);
			path = "Preview Content";
			sourceTree = "<group>";
		};
		521D07F32606464000A8BEEA /* App */ = {
			isa = PBXGroup;
			children = (
				521D07E2260639F600A8BEEA /* FructusApp.swift */,
				521D07E4260639F600A8BEEA /* ContentView.swift */,
				521D07FD2606577600A8BEEA /* OnboardingView.swift */,
				521D080C26066C8F00A8BEEA /* FruitDetailView.swift */,
				52B7DC01261B7C84001652A3 /* SettingsView.swift */,
			);
			path = App;
			sourceTree = "<group>";
		};
		521D07F52606467100A8BEEA /* View */ = {
			isa = PBXGroup;
			children = (
				521D07F62606469F00A8BEEA /* FruitCardView.swift */,
				521D07FA26064F6300A8BEEA /* StartButtonView.swift */,
				521D08092606670800A8BEEA /* FruitRow.swift */,
				52A80656261A2DD900915FA5 /* FruitHeader.swift */,
				52A80659261A309800915FA5 /* SourceLinkView.swift */,
				52A8065C261A35B500915FA5 /* FruitNutrientsView.swift */,
				52B7DC04261B83BC001652A3 /* SettingsLabelView.swift */,
				52B7DC07261B8A60001652A3 /* SettingsRowView.swift */,
			);
			path = View;
			sourceTree = "<group>";
		};
		521D0800260658E800A8BEEA /* Model */ = {
			isa = PBXGroup;
			children = (
				521D0801260658FE00A8BEEA /* FruitModel.swift */,
			);
			path = Model;
			sourceTree = "<group>";
		};
		521D0804260659D100A8BEEA /* Data */ = {
			isa = PBXGroup;
			children = (
				521D0805260659E300A8BEEA /* FruitData.swift */,
			);
			path = Data;
			sourceTree = "<group>";
		};
/* End PBXGroup section */

/* Begin PBXNativeTarget section */
		521D07DE260639F600A8BEEA /* Fructus */ = {
			isa = PBXNativeTarget;
			buildConfigurationList = 521D07EE260639F900A8BEEA /* Build configuration list for PBXNativeTarget "Fructus" */;
			buildPhases = (
				521D07DB260639F600A8BEEA /* Sources */,
				521D07DC260639F600A8BEEA /* Frameworks */,
				521D07DD260639F600A8BEEA /* Resources */,
			);
			buildRules = (
			);
			dependencies = (
			);
			name = Fructus;
			productName = Fructus;
			productReference = 521D07DF260639F600A8BEEA /* Fructus.app */;
			productType = "com.apple.product-type.application";
		};
/* End PBXNativeTarget section */

/* Begin PBXProject section */
		521D07D7260639F600A8BEEA /* Project object */ = {
			isa = PBXProject;
			attributes = {
				LastSwiftUpdateCheck = 1240;
				LastUpgradeCheck = 1240;
				TargetAttributes = {
					521D07DE260639F600A8BEEA = {
						CreatedOnToolsVersion = 12.4;
					};
				};
			};
			buildConfigurationList = 521D07DA260639F600A8BEEA /* Build configuration list for PBXProject "Fructus" */;
			compatibilityVersion = "Xcode 9.3";
			developmentRegion = en;
			hasScannedForEncodings = 0;
			knownRegions = (
				en,
				Base,
			);
			mainGroup = 521D07D6260639F600A8BEEA;
			productRefGroup = 521D07E0260639F600A8BEEA /* Products */;
			projectDirPath = "";
			projectRoot = "";
			targets = (
				521D07DE260639F600A8BEEA /* Fructus */,
			);
		};
/* End PBXProject section */

/* Begin PBXResourcesBuildPhase section */
		521D07DD260639F600A8BEEA /* Resources */ = {
			isa = PBXResourcesBuildPhase;
			buildActionMask = 2147483647;
			files = (
				521D07EA260639F900A8BEEA /* Preview Assets.xcassets in Resources */,
				521D07E7260639F900A8BEEA /* Assets.xcassets in Resources */,
			);
			runOnlyForDeploymentPostprocessing = 0;
		};
/* End PBXResourcesBuildPhase section */

/* Begin PBXSourcesBuildPhase section */
		521D07DB260639F600A8BEEA /* Sources */ = {
			isa = PBXSourcesBuildPhase;
			buildActionMask = 2147483647;
			files = (
				521D0806260659E300A8BEEA /* FruitData.swift in Sources */,
				52A8065A261A309800915FA5 /* SourceLinkView.swift in Sources */,
				52B7DC08261B8A60001652A3 /* SettingsRowView.swift in Sources */,
				521D07F72606469F00A8BEEA /* FruitCardView.swift in Sources */,
				521D07FB26064F6300A8BEEA /* StartButtonView.swift in Sources */,
				52A8065D261A35B500915FA5 /* FruitNutrientsView.swift in Sources */,
				521D080A2606670800A8BEEA /* FruitRow.swift in Sources */,
				521D080D26066C8F00A8BEEA /* FruitDetailView.swift in Sources */,
				521D07E5260639F600A8BEEA /* ContentView.swift in Sources */,
				521D07FE2606577600A8BEEA /* OnboardingView.swift in Sources */,
				521D0802260658FE00A8BEEA /* FruitModel.swift in Sources */,
				52B7DC05261B83BC001652A3 /* SettingsLabelView.swift in Sources */,
				521D07E3260639F600A8BEEA /* FructusApp.swift in Sources */,
				52A80657261A2DD900915FA5 /* FruitHeader.swift in Sources */,
				52B7DC02261B7C84001652A3 /* SettingsView.swift in Sources */,
			);
			runOnlyForDeploymentPostprocessing = 0;
		};
/* End PBXSourcesBuildPhase section */

/* Begin XCBuildConfiguration section */
		521D07EC260639F900A8BEEA /* Debug */ = {
			isa = XCBuildConfiguration;
			buildSettings = {
				ALWAYS_SEARCH_USER_PATHS = NO;
				CLANG_ANALYZER_NONNULL = YES;
				CLANG_ANALYZER_NUMBER_OBJECT_CONVERSION = YES_AGGRESSIVE;
				CLANG_CXX_LANGUAGE_STANDARD = "gnu++14";
				CLANG_CXX_LIBRARY = "libc++";
				CLANG_ENABLE_MODULES = YES;
				CLANG_ENABLE_OBJC_ARC = YES;
				CLANG_ENABLE_OBJC_WEAK = YES;
				CLANG_WARN_BLOCK_CAPTURE_AUTORELEASING = YES;
				CLANG_WARN_BOOL_CONVERSION = YES;
				CLANG_WARN_COMMA = YES;
				CLANG_WARN_CONSTANT_CONVERSION = YES;
				CLANG_WARN_DEPRECATED_OBJC_IMPLEMENTATIONS = YES;
				CLANG_WARN_DIRECT_OBJC_ISA_USAGE = YES_ERROR;
				CLANG_WARN_DOCUMENTATION_COMMENTS = YES;
				CLANG_WARN_EMPTY_BODY = YES;
				CLANG_WARN_ENUM_CONVERSION = YES;
				CLANG_WARN_INFINITE_RECURSION = YES;
				CLANG_WARN_INT_CONVERSION = YES;
				CLANG_WARN_NON_LITERAL_NULL_CONVERSION = YES;
				CLANG_WARN_OBJC_IMPLICIT_RETAIN_SELF = YES;
				CLANG_WARN_OBJC_LITERAL_CONVERSION = YES;
				CLANG_WARN_OBJC_ROOT_CLASS = YES_ERROR;
				CLANG_WARN_QUOTED_INCLUDE_IN_FRAMEWORK_HEADER = YES;
				CLANG_WARN_RANGE_LOOP_ANALYSIS = YES;
				CLANG_WARN_STRICT_PROTOTYPES = YES;
				CLANG_WARN_SUSPICIOUS_MOVE = YES;
				CLANG_WARN_UNGUARDED_AVAILABILITY = YES_AGGRESSIVE;
				CLANG_WARN_UNREACHABLE_CODE = YES;
				CLANG_WARN__DUPLICATE_METHOD_MATCH = YES;
				COPY_PHASE_STRIP = NO;
				DEBUG_INFORMATION_FORMAT = dwarf;
				ENABLE_STRICT_OBJC_MSGSEND = YES;
				ENABLE_TESTABILITY = YES;
				GCC_C_LANGUAGE_STANDARD = gnu11;
				GCC_DYNAMIC_NO_PIC = NO;
				GCC_NO_COMMON_BLOCKS = YES;
				GCC_OPTIMIZATION_LEVEL = 0;
				GCC_PREPROCESSOR_DEFINITIONS = (
					"DEBUG=1",
					"$(inherited)",
				);
				GCC_WARN_64_TO_32_BIT_CONVERSION = YES;
				GCC_WARN_ABOUT_RETURN_TYPE = YES_ERROR;
				GCC_WARN_UNDECLARED_SELECTOR = YES;
				GCC_WARN_UNINITIALIZED_AUTOS = YES_AGGRESSIVE;
				GCC_WARN_UNUSED_FUNCTION = YES;
				GCC_WARN_UNUSED_VARIABLE = YES;
				IPHONEOS_DEPLOYMENT_TARGET = 14.4;
				MTL_ENABLE_DEBUG_INFO = INCLUDE_SOURCE;
				MTL_FAST_MATH = YES;
				ONLY_ACTIVE_ARCH = YES;
				SDKROOT = iphoneos;
				SWIFT_ACTIVE_COMPILATION_CONDITIONS = DEBUG;
				SWIFT_OPTIMIZATION_LEVEL = "-Onone";
			};
			name = Debug;
		};
		521D07ED260639F900A8BEEA /* Release */ = {
			isa = XCBuildConfiguration;
			buildSettings = {
				ALWAYS_SEARCH_USER_PATHS = NO;
				CLANG_ANALYZER_NONNULL = YES;
				CLANG_ANALYZER_NUMBER_OBJECT_CONVERSION = YES_AGGRESSIVE;
				CLANG_CXX_LANGUAGE_STANDARD = "gnu++14";
				CLANG_CXX_LIBRARY = "libc++";
				CLANG_ENABLE_MODULES = YES;
				CLANG_ENABLE_OBJC_ARC = YES;
				CLANG_ENABLE_OBJC_WEAK = YES;
				CLANG_WARN_BLOCK_CAPTURE_AUTORELEASING = YES;
				CLANG_WARN_BOOL_CONVERSION = YES;
				CLANG_WARN_COMMA = YES;
				CLANG_WARN_CONSTANT_CONVERSION = YES;
				CLANG_WARN_DEPRECATED_OBJC_IMPLEMENTATIONS = YES;
				CLANG_WARN_DIRECT_OBJC_ISA_USAGE = YES_ERROR;
				CLANG_WARN_DOCUMENTATION_COMMENTS = YES;
				CLANG_WARN_EMPTY_BODY = YES;
				CLANG_WARN_ENUM_CONVERSION = YES;
				CLANG_WARN_INFINITE_RECURSION = YES;
				CLANG_WARN_INT_CONVERSION = YES;
				CLANG_WARN_NON_LITERAL_NULL_CONVERSION = YES;
				CLANG_WARN_OBJC_IMPLICIT_RETAIN_SELF = YES;
				CLANG_WARN_OBJC_LITERAL_CONVERSION = YES;
				CLANG_WARN_OBJC_ROOT_CLASS = YES_ERROR;
				CLANG_WARN_QUOTED_INCLUDE_IN_FRAMEWORK_HEADER = YES;
				CLANG_WARN_RANGE_LOOP_ANALYSIS = YES;
				CLANG_WARN_STRICT_PROTOTYPES = YES;
				CLANG_WARN_SUSPICIOUS_MOVE = YES;
				CLANG_WARN_UNGUARDED_AVAILABILITY = YES_AGGRESSIVE;
				CLANG_WARN_UNREACHABLE_CODE = YES;
				CLANG_WARN__DUPLICATE_METHOD_MATCH = YES;
				COPY_PHASE_STRIP = NO;
				DEBUG_INFORMATION_FORMAT = "dwarf-with-dsym";
				ENABLE_NS_ASSERTIONS = NO;
				ENABLE_STRICT_OBJC_MSGSEND = YES;
				GCC_C_LANGUAGE_STANDARD = gnu11;
				GCC_NO_COMMON_BLOCKS = YES;
				GCC_WARN_64_TO_32_BIT_CONVERSION = YES;
				GCC_WARN_ABOUT_RETURN_TYPE = YES_ERROR;
				GCC_WARN_UNDECLARED_SELECTOR = YES;
				GCC_WARN_UNINITIALIZED_AUTOS = YES_AGGRESSIVE;
				GCC_WARN_UNUSED_FUNCTION = YES;
				GCC_WARN_UNUSED_VARIABLE = YES;
				IPHONEOS_DEPLOYMENT_TARGET = 14.4;
				MTL_ENABLE_DEBUG_INFO = NO;
				MTL_FAST_MATH = YES;
				SDKROOT = iphoneos;
				SWIFT_COMPILATION_MODE = wholemodule;
				SWIFT_OPTIMIZATION_LEVEL = "-O";
				VALIDATE_PRODUCT = YES;
			};
			name = Release;
		};
		521D07EF260639F900A8BEEA /* Debug */ = {
			isa = XCBuildConfiguration;
			buildSettings = {
				ASSETCATALOG_COMPILER_APPICON_NAME = AppIcon;
				ASSETCATALOG_COMPILER_GLOBAL_ACCENT_COLOR_NAME = AccentColor;
				CODE_SIGN_STYLE = Automatic;
				DEVELOPMENT_ASSET_PATHS = "\"Fructus/Preview Content\"";
				DEVELOPMENT_TEAM = 3PTYV272Z4;
				ENABLE_PREVIEWS = YES;
				INFOPLIST_FILE = Fructus/Info.plist;
				IPHONEOS_DEPLOYMENT_TARGET = 14.0;
				LD_RUNPATH_SEARCH_PATHS = (
					"$(inherited)",
					"@executable_path/Frameworks",
				);
				PRODUCT_BUNDLE_IDENTIFIER = pro.richpeach.ssh.Fructus;
				PRODUCT_NAME = "$(TARGET_NAME)";
				SWIFT_VERSION = 5.0;
				TARGETED_DEVICE_FAMILY = "1,2";
			};
			name = Debug;
		};
		521D07F0260639F900A8BEEA /* Release */ = {
			isa = XCBuildConfiguration;
			buildSettings = {
				ASSETCATALOG_COMPILER_APPICON_NAME = AppIcon;
				ASSETCATALOG_COMPILER_GLOBAL_ACCENT_COLOR_NAME = AccentColor;
				CODE_SIGN_STYLE = Automatic;
				DEVELOPMENT_ASSET_PATHS = "\"Fructus/Preview Content\"";
				DEVELOPMENT_TEAM = 3PTYV272Z4;
				ENABLE_PREVIEWS = YES;
				INFOPLIST_FILE = Fructus/Info.plist;
				IPHONEOS_DEPLOYMENT_TARGET = 14.0;
				LD_RUNPATH_SEARCH_PATHS = (
					"$(inherited)",
					"@executable_path/Frameworks",
				);
				PRODUCT_BUNDLE_IDENTIFIER = pro.richpeach.ssh.Fructus;
				PRODUCT_NAME = "$(TARGET_NAME)";
				SWIFT_VERSION = 5.0;
				TARGETED_DEVICE_FAMILY = "1,2";
			};
			name = Release;
		};
/* End XCBuildConfiguration section */

/* Begin XCConfigurationList section */
		521D07DA260639F600A8BEEA /* Build configuration list for PBXProject "Fructus" */ = {
			isa = XCConfigurationList;
			buildConfigurations = (
				521D07EC260639F900A8BEEA /* Debug */,
				521D07ED260639F900A8BEEA /* Release */,
			);
			defaultConfigurationIsVisible = 0;
			defaultConfigurationName = Release;
		};
		521D07EE260639F900A8BEEA /* Build configuration list for PBXNativeTarget "Fructus" */ = {
			isa = XCConfigurationList;
			buildConfigurations = (
				521D07EF260639F900A8BEEA /* Debug */,
				521D07F0260639F900A8BEEA /* Release */,
			);
			defaultConfigurationIsVisible = 0;
			defaultConfigurationName = Release;
		};
/* End XCConfigurationList section */
	};
	rootObject = 521D07D7260639F600A8BEEA /* Project object */;
}
